
Microsoft Visual Studio Solution File, Format Version 12.00
# Visual Studio Version 17
VisualStudioVersion = 17.10.35027.167
MinimumVisualStudioVersion = 10.0.40219.1
Project("{FAE04EC0-301F-11D3-BF4B-00C04F79EFBC}") = "SchoolManagment", "SchoolManagment\SchoolManagment.csproj", "{420BC5A8-35AE-4A64-9332-504C42025122}"
EndProject
Global
	GlobalSection(SolutionConfigurationPlatforms) = preSolution
		Debug|Any CPU = Debug|Any CPU
		Release|Any CPU = Release|Any CPU
	EndGlobalSection
	GlobalSection(ProjectConfigurationPlatforms) = postSolution
		{420BC5A8-35AE-4A64-9332-504C42025122}.Debug|Any CPU.ActiveCfg = Debug|Any CPU
		{420BC5A8-35AE-4A64-9332-504C42025122}.Debug|Any CPU.Build.0 = Debug|Any CPU
		{420BC5A8-35AE-4A64-9332-504C42025122}.Release|Any CPU.ActiveCfg = Release|Any CPU
		{420BC5A8-35AE-4A64-9332-504C42025122}.Release|Any CPU.Build.0 = Release|Any CPU
	EndGlobalSection
	GlobalSection(SolutionProperties) = preSolution
		HideSolutionNode = FALSE
	EndGlobalSection
	GlobalSection(ExtensibilityGlobals) = postSolution
		SolutionGuid = {5D59CE0C-F077-4938-9A3F-7B59C9AA7D2C}
	EndGlobalSection
EndGlobal
